
Microsoft Visual Studio Solution File, Format Version 12.00
# Visual Studio Version 17
VisualStudioVersion = 17.6.33829.357
MinimumVisualStudioVersion = 10.0.40219.1
Project("{FAE04EC0-301F-11D3-BF4B-00C04F79EFBC}") = "Первая практическая задача", "Первая практическая задача\Первая практическая задача.csproj", "{EC8184CE-D360-4F5D-BE6B-B09DEFC41A6C}"
EndProject
Global
	GlobalSection(SolutionConfigurationPlatforms) = preSolution
		Debug|Any CPU = Debug|Any CPU
		Release|Any CPU = Release|Any CPU
	EndGlobalSection
	GlobalSection(ProjectConfigurationPlatforms) = postSolution
		{EC8184CE-D360-4F5D-BE6B-B09DEFC41A6C}.Debug|Any CPU.ActiveCfg = Debug|Any CPU
		{EC8184CE-D360-4F5D-BE6B-B09DEFC41A6C}.Debug|Any CPU.Build.0 = Debug|Any CPU
		{EC8184CE-D360-4F5D-BE6B-B09DEFC41A6C}.Release|Any CPU.ActiveCfg = Release|Any CPU
		{EC8184CE-D360-4F5D-BE6B-B09DEFC41A6C}.Release|Any CPU.Build.0 = Release|Any CPU
	EndGlobalSection
	GlobalSection(SolutionProperties) = preSolution
		HideSolutionNode = FALSE
	EndGlobalSection
	GlobalSection(ExtensibilityGlobals) = postSolution
		SolutionGuid = {D4A7A040-6B94-47E3-AF9B-25A9B3AC42DC}
	EndGlobalSection
EndGlobal
